
Microsoft Visual Studio Solution File, Format Version 12.00
# Visual Studio Version 17
VisualStudioVersion = 17.0.31903.59
MinimumVisualStudioVersion = 10.0.40219.1
Project("{2150E333-8FDC-42A3-9474-1A3956D46DE8}") = "src", "src", "{9F5A4BAE-C728-49A5-B0D9-8516C69FDCFD}"
EndProject
Project("{FAE04EC0-301F-11D3-BF4B-00C04F79EFBC}") = "AuctionService", "src\AuctionService\AuctionService.csproj", "{7BA50FB5-F83F-40B2-B17C-724C9F605EA4}"
EndProject
Project("{FAE04EC0-301F-11D3-BF4B-00C04F79EFBC}") = "SearchService", "src\SearchService\SearchService.csproj", "{CD75A529-B0CD-47EF-9ABA-854D5D66684D}"
EndProject
Project("{FAE04EC0-301F-11D3-BF4B-00C04F79EFBC}") = "Contracts", "src\Contracts\Contracts.csproj", "{92D25E93-6A70-4259-B83B-CE7CB167D5D1}"
EndProject
Global
	GlobalSection(SolutionConfigurationPlatforms) = preSolution
		Debug|Any CPU = Debug|Any CPU
		Release|Any CPU = Release|Any CPU
	EndGlobalSection
	GlobalSection(SolutionProperties) = preSolution
		HideSolutionNode = FALSE
	EndGlobalSection
	GlobalSection(ProjectConfigurationPlatforms) = postSolution
		{7BA50FB5-F83F-40B2-B17C-724C9F605EA4}.Debug|Any CPU.ActiveCfg = Debug|Any CPU
		{7BA50FB5-F83F-40B2-B17C-724C9F605EA4}.Debug|Any CPU.Build.0 = Debug|Any CPU
		{7BA50FB5-F83F-40B2-B17C-724C9F605EA4}.Release|Any CPU.ActiveCfg = Release|Any CPU
		{7BA50FB5-F83F-40B2-B17C-724C9F605EA4}.Release|Any CPU.Build.0 = Release|Any CPU
		{CD75A529-B0CD-47EF-9ABA-854D5D66684D}.Debug|Any CPU.ActiveCfg = Debug|Any CPU
		{CD75A529-B0CD-47EF-9ABA-854D5D66684D}.Debug|Any CPU.Build.0 = Debug|Any CPU
		{CD75A529-B0CD-47EF-9ABA-854D5D66684D}.Release|Any CPU.ActiveCfg = Release|Any CPU
		{CD75A529-B0CD-47EF-9ABA-854D5D66684D}.Release|Any CPU.Build.0 = Release|Any CPU
		{92D25E93-6A70-4259-B83B-CE7CB167D5D1}.Debug|Any CPU.ActiveCfg = Debug|Any CPU
		{92D25E93-6A70-4259-B83B-CE7CB167D5D1}.Debug|Any CPU.Build.0 = Debug|Any CPU
		{92D25E93-6A70-4259-B83B-CE7CB167D5D1}.Release|Any CPU.ActiveCfg = Release|Any CPU
		{92D25E93-6A70-4259-B83B-CE7CB167D5D1}.Release|Any CPU.Build.0 = Release|Any CPU
	EndGlobalSection
	GlobalSection(NestedProjects) = preSolution
		{7BA50FB5-F83F-40B2-B17C-724C9F605EA4} = {9F5A4BAE-C728-49A5-B0D9-8516C69FDCFD}
		{CD75A529-B0CD-47EF-9ABA-854D5D66684D} = {9F5A4BAE-C728-49A5-B0D9-8516C69FDCFD}
		{92D25E93-6A70-4259-B83B-CE7CB167D5D1} = {9F5A4BAE-C728-49A5-B0D9-8516C69FDCFD}
	EndGlobalSection
EndGlobal
